lockfileVersion: '9.0'

settings:
  autoInstallPeers: true
  excludeLinksFromLockfile: false

importers:

  .:
    dependencies:
      workbox-cacheable-response:
        specifier: ^7.3.0
        version: 7.3.0
      workbox-expiration:
        specifier: ^7.3.0
        version: 7.3.0
      workbox-precaching:
        specifier: ^7.3.0
        version: 7.3.0
      workbox-routing:
        specifier: ^7.3.0
        version: 7.3.0
      workbox-strategies:
        specifier: ^7.3.0
        version: 7.3.0

packages:

  idb@7.1.1:
    resolution: {integrity: sha512-gchesWBzyvGHRO9W8tzUWFDycow5gwjvFKfyV9FF32Y7F50yZMp7mP+T2mJIWFx49zicqyC4uefHM17o6xKIVQ==}

  workbox-cacheable-response@7.3.0:
    resolution: {integrity: sha512-eAFERIg6J2LuyELhLlmeRcJFa5e16Mj8kL2yCDbhWE+HUun9skRQrGIFVUagqWj4DMaaPSMWfAolM7XZZxNmxA==}

  workbox-core@7.3.0:
    resolution: {integrity: sha512-Z+mYrErfh4t3zi7NVTvOuACB0A/jA3bgxUN3PwtAVHvfEsZxV9Iju580VEETug3zYJRc0Dmii/aixI/Uxj8fmw==}

  workbox-expiration@7.3.0:
    resolution: {integrity: sha512-lpnSSLp2BM+K6bgFCWc5bS1LR5pAwDWbcKt1iL87/eTSJRdLdAwGQznZE+1czLgn/X05YChsrEegTNxjM067vQ==}

  workbox-precaching@7.3.0:
    resolution: {integrity: sha512-ckp/3t0msgXclVAYaNndAGeAoWQUv7Rwc4fdhWL69CCAb2UHo3Cef0KIUctqfQj1p8h6aGyz3w8Cy3Ihq9OmIw==}

  workbox-routing@7.3.0:
    resolution: {integrity: sha512-ZUlysUVn5ZUzMOmQN3bqu+gK98vNfgX/gSTZ127izJg/pMMy4LryAthnYtjuqcjkN4HEAx1mdgxNiKJMZQM76A==}

  workbox-strategies@7.3.0:
    resolution: {integrity: sha512-tmZydug+qzDFATwX7QiEL5Hdf7FrkhjaF9db1CbB39sDmEZJg3l9ayDvPxy8Y18C3Y66Nrr9kkN1f/RlkDgllg==}

snapshots:

  idb@7.1.1: {}

  workbox-cacheable-response@7.3.0:
    dependencies:
      workbox-core: 7.3.0

  workbox-core@7.3.0: {}

  workbox-expiration@7.3.0:
    dependencies:
      idb: 7.1.1
      workbox-core: 7.3.0

  workbox-precaching@7.3.0:
    dependencies:
      workbox-core: 7.3.0
      workbox-routing: 7.3.0
      workbox-strategies: 7.3.0

  workbox-routing@7.3.0:
    dependencies:
      workbox-core: 7.3.0

  workbox-strategies@7.3.0:
    dependencies:
      workbox-core: 7.3.0
